%{
  "decimal": {:hex, :decimal, "1.7.0", "30d6b52c88541f9a66637359ddf85016df9eb266170d53105f02e4a67e00c5aa", [:mix], [], "hexpm"},
  "exrun": {:hex, :exrun, "0.1.7", "1beae0caf68dfd07dea15602edf2c9af6ffd89b25a26edf43a57b325c94ee8b0", [:mix], [], "hexpm"},
  "libgraph": {:git, "https://github.com/bitwalker/libgraph.git", "493d91d214418bbd9607881bb1db270352b27a26", []},
}
